
Microsoft Visual Studio Solution File, Format Version 12.00
# Visual Studio Version 16
VisualStudioVersion = 16.0.31729.503
MinimumVisualStudioVersion = 10.0.40219.1
Project("{FAE04EC0-301F-11D3-BF4B-00C04F79EFBC}") = "ADKT_AndroidProjectBackend", "ADKT_AndroidProjectBackend\ADKT_AndroidProjectBackend.csproj", "{2896AB9B-51F3-4248-9F64-E5B8625AE224}"
EndProject
Project("{FAE04EC0-301F-11D3-BF4B-00C04F79EFBC}") = "Lib", "Lib\Lib.csproj", "{E8506BB5-F5E8-4FA4-BD9C-CAA41ABC1E97}"
EndProject
Global
	GlobalSection(SolutionConfigurationPlatforms) = preSolution
		Debug|Any CPU = Debug|Any CPU
		Release|Any CPU = Release|Any CPU
	EndGlobalSection
	GlobalSection(ProjectConfigurationPlatforms) = postSolution
		{2896AB9B-51F3-4248-9F64-E5B8625AE224}.Debug|Any CPU.ActiveCfg = Debug|Any CPU
		{2896AB9B-51F3-4248-9F64-E5B8625AE224}.Debug|Any CPU.Build.0 = Debug|Any CPU
		{2896AB9B-51F3-4248-9F64-E5B8625AE224}.Release|Any CPU.ActiveCfg = Release|Any CPU
		{2896AB9B-51F3-4248-9F64-E5B8625AE224}.Release|Any CPU.Build.0 = Release|Any CPU
		{E8506BB5-F5E8-4FA4-BD9C-CAA41ABC1E97}.Debug|Any CPU.ActiveCfg = Debug|Any CPU
		{E8506BB5-F5E8-4FA4-BD9C-CAA41ABC1E97}.Debug|Any CPU.Build.0 = Debug|Any CPU
		{E8506BB5-F5E8-4FA4-BD9C-CAA41ABC1E97}.Release|Any CPU.ActiveCfg = Release|Any CPU
		{E8506BB5-F5E8-4FA4-BD9C-CAA41ABC1E97}.Release|Any CPU.Build.0 = Release|Any CPU
	EndGlobalSection
	GlobalSection(SolutionProperties) = preSolution
		HideSolutionNode = FALSE
	EndGlobalSection
	GlobalSection(ExtensibilityGlobals) = postSolution
		SolutionGuid = {574D3F5A-D84E-4341-8DE6-35A740721FB2}
	EndGlobalSection
EndGlobal
